F%ã($=ºÞ+G¼óýÎ¡¥5+‡û¦HÔÛ8,>(|æ©é~
ÏP©›®í#…¸aTJ úâ2ðº‡Çz§œ
3á_Yq öìDò?ÃöPcV‡ þ÷t`Ì†NÎQ @)9M0Ôáx£Nèì†FÞ†*‰¢Ä*ï”™a{º=ãäíœ™/i×õÀÆ‘¥"Œ– R,â÷ÝV7Á3™€æ¹ç²ÂiY›tf–C6ÌŽa‚HXü¨%@Ñs|WË§xÀMÍ0rŠ¤ö÷ü@tƒø¹˜y‰`
åHòL4+ÿ¿jê~à^päÌ¤­ø œeäm™’“3`ì­Ñ|qÞF+N§Ëï"‰´lF(¸ú,õREÁÖ4¦±¿Feê#E'³ÀDÿc2?ZÞÉ«×y‚­˜à¶èjsøå"¬NpZ<a^ÔÃŠÝE{ÑF’Ô
ˆÍDâYÝu¾`©³Øü¯¿8˜å=EÊÂapÈ%O.xXxbèìÑ&bÜG…¬k©î…TÎÃ“n´ì2h/G§L«e¥~Oöp¤ÆI®¢7ÖŒš¦*m3‡1—Ùc8Ù	G5^U|)•Xç»­…¨ºãÁùƒ2NÁMõ#ÑÖì8sÛtÌNÁOÔzzô^$ðºëYóa•œo¢’ûùùš‰dÁ_ßÓõ…ç?|óp®Yqo‹§:ØÅ_îëÈŠR/¹§q'!Y4‘d÷œ!æ`{H×ÑC&I¸2×ÆÛ¢¹¡Ï¢¡ˆR¾GCŠæ€ùZ%Ýëp|Zyçö½